// !$*UTF8*$!
{
	archiveVersion = 1;
	classes = {
	};
	objectVersion = 46;
	objects = {

/* Begin PBXBuildFile section */
		AA3821ED1650112C003F465E /* Sparkle.framework in Frameworks */ = {isa = PBXBuildFile; fileRef = AA3821EC1650112C003F465E /* Sparkle.framework */; };
		AA3821EF16501155003F465E /* Sparkle.framework in CopyFiles */ = {isa = PBXBuildFile; fileRef = AA3821EC1650112C003F465E /* Sparkle.framework */; };
		AA3821F116501202003F465E /* dsa_pub.pem in Resources */ = {isa = PBXBuildFile; fileRef = AA3821F016501202003F465E /* dsa_pub.pem */; };
		AAE18DBA164C569C00FC8D92 /* Cocoa.framework in Frameworks */ = {isa = PBXBuildFile; fileRef = AAE18DB9164C569C00FC8D92 /* Cocoa.framework */; };
		AAE18DC4164C569C00FC8D92 /* InfoPlist.strings in Resources */ = {isa = PBXBuildFile; fileRef = AAE18DC2164C569C00FC8D92 /* InfoPlist.strings */; };
		AAE18DC6164C569C00FC8D92 /* main.m in Sources */ = {isa = PBXBuildFile; fileRef = AAE18DC5164C569C00FC8D92 /* main.m */; };
		AAE18DCA164C569C00FC8D92 /* Credits.rtf in Resources */ = {isa = PBXBuildFile; fileRef = AAE18DC8164C569C00FC8D92 /* Credits.rtf */; };
		AAE18DCD164C569C00FC8D92 /* MenuDelegate.m in Sources */ = {isa = PBXBuildFile; fileRef = AAE18DCC164C569C00FC8D92 /* MenuDelegate.m */; };
		AAE18DD0164C569C00FC8D92 /* MainMenu.xib in Resources */ = {isa = PBXBuildFile; fileRef = AAE18DCE164C569C00FC8D92 /* MainMenu.xib */; };
		AAE18DDC164C5BCE00FC8D92 /* ListenManager.m in Sources */ = {isa = PBXBuildFile; fileRef = AAE18DDB164C5BCE00FC8D92 /* ListenManager.m */; };
		AAE18DE1164DD42000FC8D92 /* Track.m in Sources */ = {isa = PBXBuildFile; fileRef = AAE18DE0164DD42000FC8D92 /* Track.m */; };
		AAE18DE4164E15A100FC8D92 /* ScriptingBridge.framework in Frameworks */ = {isa = PBXBuildFile; fileRef = AAE18DE3164E15A100FC8D92 /* ScriptingBridge.framework */; };
		AAE18DE7164E1B8100FC8D92 /* Server.m in Sources */ = {isa = PBXBuildFile; fileRef = AAE18DE6164E1B8100FC8D92 /* Server.m */; };
		AAE18E7A164E222900FC8D92 /* NSObject+SBJson.m in Sources */ = {isa = PBXBuildFile; fileRef = AAE18E62164E222900FC8D92 /* NSObject+SBJson.m */; };
		AAE18E7B164E222900FC8D92 /* SBJsonParser.m in Sources */ = {isa = PBXBuildFile; fileRef = AAE18E65164E222900FC8D92 /* SBJsonParser.m */; };
		AAE18E7C164E222900FC8D92 /* SBJsonStreamParser.m in Sources */ = {isa = PBXBuildFile; fileRef = AAE18E67164E222900FC8D92 /* SBJsonStreamParser.m */; };
		AAE18E7D164E222900FC8D92 /* SBJsonStreamParserAccumulator.m in Sources */ = {isa = PBXBuildFile; fileRef = AAE18E69164E222900FC8D92 /* SBJsonStreamParserAccumulator.m */; };
		AAE18E7E164E222900FC8D92 /* SBJsonStreamParserAdapter.m in Sources */ = {isa = PBXBuildFile; fileRef = AAE18E6B164E222900FC8D92 /* SBJsonStreamParserAdapter.m */; };
		AAE18E7F164E222900FC8D92 /* SBJsonStreamParserState.m in Sources */ = {isa = PBXBuildFile; fileRef = AAE18E6D164E222900FC8D92 /* SBJsonStreamParserState.m */; };
		AAE18E80164E222900FC8D92 /* SBJsonStreamWriter.m in Sources */ = {isa = PBXBuildFile; fileRef = AAE18E6F164E222900FC8D92 /* SBJsonStreamWriter.m */; };
		AAE18E81164E222900FC8D92 /* SBJsonStreamWriterAccumulator.m in Sources */ = {isa = PBXBuildFile; fileRef = AAE18E71164E222900FC8D92 /* SBJsonStreamWriterAccumulator.m */; };
		AAE18E82164E222900FC8D92 /* SBJsonStreamWriterState.m in Sources */ = {isa = PBXBuildFile; fileRef = AAE18E73164E222900FC8D92 /* SBJsonStreamWriterState.m */; };
		AAE18E83164E222900FC8D92 /* SBJsonTokeniser.m in Sources */ = {isa = PBXBuildFile; fileRef = AAE18E75164E222900FC8D92 /* SBJsonTokeniser.m */; };
		AAE18E84164E222900FC8D92 /* SBJsonUTF8Stream.m in Sources */ = {isa = PBXBuildFile; fileRef = AAE18E77164E222900FC8D92 /* SBJsonUTF8Stream.m */; };
		AAE18E85164E222900FC8D92 /* SBJsonWriter.m in Sources */ = {isa = PBXBuildFile; fileRef = AAE18E79164E222900FC8D92 /* SBJsonWriter.m */; };
		AAE18E8A164E283800FC8D92 /* PreferencesDelegate.m in Sources */ = {isa = PBXBuildFile; fileRef = AAE18E89164E283800FC8D92 /* PreferencesDelegate.m */; };
		AAE18E8C164EE07400FC8D92 /* check.png in Resources */ = {isa = PBXBuildFile; fileRef = AAE18E8B164EE07400FC8D92 /* check.png */; };
		AAE18EA5164EE3DD00FC8D92 /* ASIDataCompressor.m in Sources */ = {isa = PBXBuildFile; fileRef = AAE18E94164EE3DD00FC8D92 /* ASIDataCompressor.m */; settings = {COMPILER_FLAGS = "-fno-objc-arc"; }; };
		AAE18EA6164EE3DD00FC8D92 /* ASIDataDecompressor.m in Sources */ = {isa = PBXBuildFile; fileRef = AAE18E96164EE3DD00FC8D92 /* ASIDataDecompressor.m */; settings = {COMPILER_FLAGS = "-fno-objc-arc"; }; };
		AAE18EA7164EE3DD00FC8D92 /* ASIDownloadCache.m in Sources */ = {isa = PBXBuildFile; fileRef = AAE18E98164EE3DD00FC8D92 /* ASIDownloadCache.m */; settings = {COMPILER_FLAGS = "-fno-objc-arc"; }; };
		AAE18EA8164EE3DD00FC8D92 /* ASIFormDataRequest.m in Sources */ = {isa = PBXBuildFile; fileRef = AAE18E9A164EE3DD00FC8D92 /* ASIFormDataRequest.m */; settings = {COMPILER_FLAGS = "-fno-objc-arc"; }; };
		AAE18EA9164EE3DD00FC8D92 /* ASIHTTPRequest.m in Sources */ = {isa = PBXBuildFile; fileRef = AAE18E9C164EE3DD00FC8D92 /* ASIHTTPRequest.m */; settings = {COMPILER_FLAGS = "-fno-objc-arc"; }; };
		AAE18EAA164EE3DD00FC8D92 /* ASIInputStream.m in Sources */ = {isa = PBXBuildFile; fileRef = AAE18EA0164EE3DD00FC8D92 /* ASIInputStream.m */; settings = {COMPILER_FLAGS = "-fno-objc-arc"; }; };
		AAE18EAB164EE3DD00FC8D92 /* ASINetworkQueue.m in Sources */ = {isa = PBXBuildFile; fileRef = AAE18EA2164EE3DD00FC8D92 /* ASINetworkQueue.m */; settings = {COMPILER_FLAGS = "-fno-objc-arc"; }; };
		AAE18EB3164EE4FC00FC8D92 /* SystemConfiguration.framework in Frameworks */ = {isa = PBXBuildFile; fileRef = AAE18EB2164EE4FC00FC8D92 /* SystemConfiguration.framework */; };
		AAE18EB5164EE50300FC8D92 /* CoreServices.framework in Frameworks */ = {isa = PBXBuildFile; fileRef = AAE18EB4164EE50300FC8D92 /* CoreServices.framework */; };
		AAE18EB6164EE51500FC8D92 /* libz.dylib in Frameworks */ = {isa = PBXBuildFile; fileRef = AAE18EAC164EE45300FC8D92 /* libz.dylib */; };
		AAE18EB7164EE51900FC8D92 /* libxml2.dylib in Frameworks */ = {isa = PBXBuildFile; fileRef = AAE18EAE164EE45C00FC8D92 /* libxml2.dylib */; };
/* End PBXBuildFile section */

/* Begin PBXCopyFilesBuildPhase section */
		AA3821EE16501143003F465E /* CopyFiles */ = {
			isa = PBXCopyFilesBuildPhase;
			buildActionMask = 2147483647;
			dstPath = "";
			dstSubfolderSpec = 10;
			files = (
				AA3821EF16501155003F465E /* Sparkle.framework in CopyFiles */,
			);
			runOnlyForDeploymentPostprocessing = 0;
		};
/* End PBXCopyFilesBuildPhase section */

/* Begin PBXFileReference section */
		AA3821EC1650112C003F465E /* Sparkle.framework */ = {isa = PBXFileReference; lastKnownFileType = wrapper.framework; path = Sparkle.framework; sourceTree = "<group>"; };
		AA3821F016501202003F465E /* dsa_pub.pem */ = {isa = PBXFileReference; fileEncoding = 4; lastKnownFileType = text; path = dsa_pub.pem; sourceTree = "<group>"; };
		AAE18DB5164C569C00FC8D92 /* Riffrat.app */ = {isa = PBXFileReference; explicitFileType = wrapper.application; includeInIndex = 0; path = Riffrat.app; sourceTree = BUILT_PRODUCTS_DIR; };
		AAE18DB9164C569C00FC8D92 /* Cocoa.framework */ = {isa = PBXFileReference; lastKnownFileType = wrapper.framework; name = Cocoa.framework; path = System/Library/Frameworks/Cocoa.framework; sourceTree = SDKROOT; };
		AAE18DBC164C569C00FC8D92 /* AppKit.framework */ = {isa = PBXFileReference; lastKnownFileType = wrapper.framework; name = AppKit.framework; path = System/Library/Frameworks/AppKit.framework; sourceTree = SDKROOT; };
		AAE18DBD164C569C00FC8D92 /* CoreData.framework */ = {isa = PBXFileReference; lastKnownFileType = wrapper.framework; name = CoreData.framework; path = System/Library/Frameworks/CoreData.framework; sourceTree = SDKROOT; };
		AAE18DBE164C569C00FC8D92 /* Foundation.framework */ = {isa = PBXFileReference; lastKnownFileType = wrapper.framework; name = Foundation.framework; path = System/Library/Frameworks/Foundation.framework; sourceTree = SDKROOT; };
		AAE18DC1164C569C00FC8D92 /* Riffrat-Info.plist */ = {isa = PBXFileReference; lastKnownFileType = text.plist.xml; path = "Riffrat-Info.plist"; sourceTree = "<group>"; };
		AAE18DC3164C569C00FC8D92 /* en */ = {isa = PBXFileReference; lastKnownFileType = text.plist.strings; name = en; path = en.lproj/InfoPlist.strings; sourceTree = "<group>"; };
		AAE18DC5164C569C00FC8D92 /* main.m */ = {isa = PBXFileReference; lastKnownFileType = sourcecode.c.objc; path = main.m; sourceTree = "<group>"; };
		AAE18DC7164C569C00FC8D92 /* Riffrat-Prefix.pch */ = {isa = PBXFileReference; lastKnownFileType = sourcecode.c.h; path = "Riffrat-Prefix.pch"; sourceTree = "<group>"; };
		AAE18DC9164C569C00FC8D92 /* en */ = {isa = PBXFileReference; lastKnownFileType = text.rtf; name = en; path = en.lproj/Credits.rtf; sourceTree = "<group>"; };
		AAE18DCB164C569C00FC8D92 /* MenuDelegate.h */ = {isa = PBXFileReference; lastKnownFileType = sourcecode.c.h; path = MenuDelegate.h; sourceTree = "<group>"; };
		AAE18DCC164C569C00FC8D92 /* MenuDelegate.m */ = {isa = PBXFileReference; lastKnownFileType = sourcecode.c.objc; path = MenuDelegate.m; sourceTree = "<group>"; };
		AAE18DCF164C569C00FC8D92 /* en */ = {isa = PBXFileReference; lastKnownFileType = file.xib; name = en; path = en.lproj/MainMenu.xib; sourceTree = "<group>"; };
		AAE18DDA164C5BCE00FC8D92 /* ListenManager.h */ = {isa = PBXFileReference; fileEncoding = 4; lastKnownFileType = sourcecode.c.h; path = ListenManager.h; sourceTree = "<group>"; };
		AAE18DDB164C5BCE00FC8D92 /* ListenManager.m */ = {isa = PBXFileReference; fileEncoding = 4; lastKnownFileType = sourcecode.c.objc; path = ListenManager.m; sourceTree = "<group>"; };
		AAE18DDD164DD20400FC8D92 /* Spotify.h */ = {isa = PBXFileReference; fileEncoding = 4; lastKnownFileType = sourcecode.c.h; path = Spotify.h; sourceTree = "<group>"; };
		AAE18DDE164DD20400FC8D92 /* iTunes.h */ = {isa = PBXFileReference; fileEncoding = 4; lastKnownFileType = sourcecode.c.h; path = iTunes.h; sourceTree = "<group>"; };
		AAE18DDF164DD42000FC8D92 /* Track.h */ = {isa = PBXFileReference; fileEncoding = 4; lastKnownFileType = sourcecode.c.h; path = Track.h; sourceTree = "<group>"; };
		AAE18DE0164DD42000FC8D92 /* Track.m */ = {isa = PBXFileReference; fileEncoding = 4; lastKnownFileType = sourcecode.c.objc; path = Track.m; sourceTree = "<group>"; };
		AAE18DE2164E0F7400FC8D92 /* ListenManagerDelegate.h */ = {isa = PBXFileReference; fileEncoding = 4; lastKnownFileType = sourcecode.c.h; path = ListenManagerDelegate.h; sourceTree = "<group>"; };
		AAE18DE3164E15A100FC8D92 /* ScriptingBridge.framework */ = {isa = PBXFileReference; lastKnownFileType = wrapper.framework; name = ScriptingBridge.framework; path = Platforms/MacOSX.platform/Developer/SDKs/MacOSX10.7.sdk/System/Library/Frameworks/ScriptingBridge.framework; sourceTree = DEVELOPER_DIR; };
		AAE18DE5164E1B8100FC8D92 /* Server.h */ = {isa = PBXFileReference; fileEncoding = 4; lastKnownFileType = sourcecode.c.h; path = Server.h; sourceTree = "<group>"; };
		AAE18DE6164E1B8100FC8D92 /* Server.m */ = {isa = PBXFileReference; fileEncoding = 4; lastKnownFileType = sourcecode.c.objc; path = Server.m; sourceTree = "<group>"; };
		AAE18E61164E222900FC8D92 /* NSObject+SBJson.h */ = {isa = PBXFileReference; fileEncoding = 4; lastKnownFileType = sourcecode.c.h; path = "NSObject+SBJson.h"; sourceTree = "<group>"; };
		AAE18E62164E222900FC8D92 /* NSObject+SBJson.m */ = {isa = PBXFileReference; fileEncoding = 4; lastKnownFileType = sourcecode.c.objc; path = "NSObject+SBJson.m"; sourceTree = "<group>"; };
		AAE18E63164E222900FC8D92 /* SBJson.h */ = {isa = PBXFileReference; fileEncoding = 4; lastKnownFileType = sourcecode.c.h; path = SBJson.h; sourceTree = "<group>"; };
		AAE18E64164E222900FC8D92 /* SBJsonParser.h */ = {isa = PBXFileReference; fileEncoding = 4; lastKnownFileType = sourcecode.c.h; path = SBJsonParser.h; sourceTree = "<group>"; };
		AAE18E65164E222900FC8D92 /* SBJsonParser.m */ = {isa = PBXFileReference; fileEncoding = 4; lastKnownFileType = sourcecode.c.objc; path = SBJsonParser.m; sourceTree = "<group>"; };
		AAE18E66164E222900FC8D92 /* SBJsonStreamParser.h */ = {isa = PBXFileReference; fileEncoding = 4; lastKnownFileType = sourcecode.c.h; path = SBJsonStreamParser.h; sourceTree = "<group>"; };
		AAE18E67164E222900FC8D92 /* SBJsonStreamParser.m */ = {isa = PBXFileReference; fileEncoding = 4; lastKnownFileType = sourcecode.c.objc; path = SBJsonStreamParser.m; sourceTree = "<group>"; };
		AAE18E68164E222900FC8D92 /* SBJsonStreamParserAccumulator.h */ = {isa = PBXFileReference; fileEncoding = 4; lastKnownFileType = sourcecode.c.h; path = SBJsonStreamParserAccumulator.h; sourceTree = "<group>"; };
		AAE18E69164E222900FC8D92 /* SBJsonStreamParserAccumulator.m */ = {isa = PBXFileReference; fileEncoding = 4; lastKnownFileType = sourcecode.c.objc; path = SBJsonStreamParserAccumulator.m; sourceTree = "<group>"; };
		AAE18E6A164E222900FC8D92 /* SBJsonStreamParserAdapter.h */ = {isa = PBXFileReference; fileEncoding = 4; lastKnownFileType = sourcecode.c.h; path = SBJsonStreamParserAdapter.h; sourceTree = "<group>"; };
		AAE18E6B164E222900FC8D92 /* SBJsonStreamParserAdapter.m */ = {isa = PBXFileReference; fileEncoding = 4; lastKnownFileType = sourcecode.c.objc; path = SBJsonStreamParserAdapter.m; sourceTree = "<group>"; };
		AAE18E6C164E222900FC8D92 /* SBJsonStreamParserState.h */ = {isa = PBXFileReference; fileEncoding = 4; lastKnownFileType = sourcecode.c.h; path = SBJsonStreamParserState.h; sourceTree = "<group>"; };
		AAE18E6D164E222900FC8D92 /* SBJsonStreamParserState.m */ = {isa = PBXFileReference; fileEncoding = 4; lastKnownFileType = sourcecode.c.objc; path = SBJsonStreamParserState.m; sourceTree = "<group>"; };
		AAE18E6E164E222900FC8D92 /* SBJsonStreamWriter.h */ = {isa = PBXFileReference; fileEncoding = 4; lastKnownFileType = sourcecode.c.h; path = SBJsonStreamWriter.h; sourceTree = "<group>"; };
		AAE18E6F164E222900FC8D92 /* SBJsonStreamWriter.m */ = {isa = PBXFileReference; fileEncoding = 4; lastKnownFileType = sourcecode.c.objc; path = SBJsonStreamWriter.m; sourceTree = "<group>"; };
		AAE18E70164E222900FC8D92 /* SBJsonStreamWriterAccumulator.h */ = {isa = PBXFileReference; fileEncoding = 4; lastKnownFileType = sourcecode.c.h; path = SBJsonStreamWriterAccumulator.h; sourceTree = "<group>"; };
		AAE18E71164E222900FC8D92 /* SBJsonStreamWriterAccumulator.m */ = {isa = PBXFileReference; fileEncoding = 4; lastKnownFileType = sourcecode.c.objc; path = SBJsonStreamWriterAccumulator.m; sourceTree = "<group>"; };
		AAE18E72164E222900FC8D92 /* SBJsonStreamWriterState.h */ = {isa = PBXFileReference; fileEncoding = 4; lastKnownFileType = sourcecode.c.h; path = SBJsonStreamWriterState.h; sourceTree = "<group>"; };
		AAE18E73164E222900FC8D92 /* SBJsonStreamWriterState.m */ = {isa = PBXFileReference; fileEncoding = 4; lastKnownFileType = sourcecode.c.objc; path = SBJsonStreamWriterState.m; sourceTree = "<group>"; };
		AAE18E74164E222900FC8D92 /* SBJsonTokeniser.h */ = {isa = PBXFileReference; fileEncoding = 4; lastKnownFileType = sourcecode.c.h; path = SBJsonTokeniser.h; sourceTree = "<group>"; };
		AAE18E75164E222900FC8D92 /* SBJsonTokeniser.m */ = {isa = PBXFileReference; fileEncoding = 4; lastKnownFileType = sourcecode.c.objc; path = SBJsonTokeniser.m; sourceTree = "<group>"; };
		AAE18E76164E222900FC8D92 /* SBJsonUTF8Stream.h */ = {isa = PBXFileReference; fileEncoding = 4; lastKnownFileType = sourcecode.c.h; path = SBJsonUTF8Stream.h; sourceTree = "<group>"; };
		AAE18E77164E222900FC8D92 /* SBJsonUTF8Stream.m */ = {isa = PBXFileReference; fileEncoding = 4; lastKnownFileType = sourcecode.c.objc; path = SBJsonUTF8Stream.m; sourceTree = "<group>"; };
		AAE18E78164E222900FC8D92 /* SBJsonWriter.h */ = {isa = PBXFileReference; fileEncoding = 4; lastKnownFileType = sourcecode.c.h; path = SBJsonWriter.h; sourceTree = "<group>"; };
		AAE18E79164E222900FC8D92 /* SBJsonWriter.m */ = {isa = PBXFileReference; fileEncoding = 4; lastKnownFileType = sourcecode.c.objc; path = SBJsonWriter.m; sourceTree = "<group>"; };
		AAE18E87164E27F400FC8D92 /* ServerDelegate.h */ = {isa = PBXFileReference; fileEncoding = 4; lastKnownFileType = sourcecode.c.h; path = ServerDelegate.h; sourceTree = "<group>"; };
		AAE18E88164E283800FC8D92 /* PreferencesDelegate.h */ = {isa = PBXFileReference; fileEncoding = 4; lastKnownFileType = sourcecode.c.h; path = PreferencesDelegate.h; sourceTree = "<group>"; };
		AAE18E89164E283800FC8D92 /* PreferencesDelegate.m */ = {isa = PBXFileReference; fileEncoding = 4; lastKnownFileType = sourcecode.c.objc; path = PreferencesDelegate.m; sourceTree = "<group>"; };
		AAE18E8B164EE07400FC8D92 /* check.png */ = {isa = PBXFileReference; lastKnownFileType = image.png; path = check.png; sourceTree = "<group>"; };
		AAE18E92164EE3DD00FC8D92 /* ASICacheDelegate.h */ = {isa = PBXFileReference; fileEncoding = 4; lastKnownFileType = sourcecode.c.h; path = ASICacheDelegate.h; sourceTree = "<group>"; };
		AAE18E93164EE3DD00FC8D92 /* ASIDataCompressor.h */ = {isa = PBXFileReference; fileEncoding = 4; lastKnownFileType = sourcecode.c.h; path = ASIDataCompressor.h; sourceTree = "<group>"; };
		AAE18E94164EE3DD00FC8D92 /* ASIDataCompressor.m */ = {isa = PBXFileReference; fileEncoding = 4; lastKnownFileType = sourcecode.c.objc; path = ASIDataCompressor.m; sourceTree = "<group>"; };
		AAE18E95164EE3DD00FC8D92 /* ASIDataDecompressor.h */ = {isa = PBXFileReference; fileEncoding = 4; lastKnownFileType = sourcecode.c.h; path = ASIDataDecompressor.h; sourceTree = "<group>"; };
		AAE18E96164EE3DD00FC8D92 /* ASIDataDecompressor.m */ = {isa = PBXFileReference; fileEncoding = 4; lastKnownFileType = sourcecode.c.objc; path = ASIDataDecompressor.m; sourceTree = "<group>"; };
		AAE18E97164EE3DD00FC8D92 /* ASIDownloadCache.h */ = {isa = PBXFileReference; fileEncoding = 4; lastKnownFileType = sourcecode.c.h; path = ASIDownloadCache.h; sourceTree = "<group>"; };
		AAE18E98164EE3DD00FC8D92 /* ASIDownloadCache.m */ = {isa = PBXFileReference; fileEncoding = 4; lastKnownFileType = sourcecode.c.objc; path = ASIDownloadCache.m; sourceTree = "<group>"; };
		AAE18E99164EE3DD00FC8D92 /* ASIFormDataRequest.h */ = {isa = PBXFileReference; fileEncoding = 4; lastKnownFileType = sourcecode.c.h; path = ASIFormDataRequest.h; sourceTree = "<group>"; };
		AAE18E9A164EE3DD00FC8D92 /* ASIFormDataRequest.m */ = {isa = PBXFileReference; fileEncoding = 4; lastKnownFileType = sourcecode.c.objc; path = ASIFormDataRequest.m; sourceTree = "<group>"; };
		AAE18E9B164EE3DD00FC8D92 /* ASIHTTPRequest.h */ = {isa = PBXFileReference; fileEncoding = 4; lastKnownFileType = sourcecode.c.h; path = ASIHTTPRequest.h; sourceTree = "<group>"; };
		AAE18E9C164EE3DD00FC8D92 /* ASIHTTPRequest.m */ = {isa = PBXFileReference; fileEncoding = 4; lastKnownFileType = sourcecode.c.objc; path = ASIHTTPRequest.m; sourceTree = "<group>"; };
		AAE18E9D164EE3DD00FC8D92 /* ASIHTTPRequestConfig.h */ = {isa = PBXFileReference; fileEncoding = 4; lastKnownFileType = sourcecode.c.h; path = ASIHTTPRequestConfig.h; sourceTree = "<group>"; };
		AAE18E9E164EE3DD00FC8D92 /* ASIHTTPRequestDelegate.h */ = {isa = PBXFileReference; fileEncoding = 4; lastKnownFileType = sourcecode.c.h; path = ASIHTTPRequestDelegate.h; sourceTree = "<group>"; };
		AAE18E9F164EE3DD00FC8D92 /* ASIInputStream.h */ = {isa = PBXFileReference; fileEncoding = 4; lastKnownFileType = sourcecode.c.h; path = ASIInputStream.h; sourceTree = "<group>"; };
		AAE18EA0164EE3DD00FC8D92 /* ASIInputStream.m */ = {isa = PBXFileReference; fileEncoding = 4; lastKnownFileType = sourcecode.c.objc; path = ASIInputStream.m; sourceTree = "<group>"; };
		AAE18EA1164EE3DD00FC8D92 /* ASINetworkQueue.h */ = {isa = PBXFileReference; fileEncoding = 4; lastKnownFileType = sourcecode.c.h; path = ASINetworkQueue.h; sourceTree = "<group>"; };
		AAE18EA2164EE3DD00FC8D92 /* ASINetworkQueue.m */ = {isa = PBXFileReference; fileEncoding = 4; lastKnownFileType = sourcecode.c.objc; path = ASINetworkQueue.m; sourceTree = "<group>"; };
		AAE18EA3164EE3DD00FC8D92 /* ASIProgressDelegate.h */ = {isa = PBXFileReference; fileEncoding = 4; lastKnownFileType = sourcecode.c.h; path = ASIProgressDelegate.h; sourceTree = "<group>"; };
		AAE18EAC164EE45300FC8D92 /* libz.dylib */ = {isa = PBXFileReference; lastKnownFileType = "compiled.mach-o.dylib"; name = libz.dylib; path = Platforms/MacOSX.platform/Developer/SDKs/MacOSX10.7.sdk/usr/lib/libz.dylib; sourceTree = DEVELOPER_DIR; };
		AAE18EAE164EE45C00FC8D92 /* libxml2.dylib */ = {isa = PBXFileReference; lastKnownFileType = "compiled.mach-o.dylib"; name = libxml2.dylib; path = Platforms/MacOSX.platform/Developer/SDKs/MacOSX10.7.sdk/usr/lib/libxml2.dylib; sourceTree = DEVELOPER_DIR; };
		AAE18EB2164EE4FC00FC8D92 /* SystemConfiguration.framework */ = {isa = PBXFileReference; lastKnownFileType = wrapper.framework; name = SystemConfiguration.framework; path = Platforms/MacOSX.platform/Developer/SDKs/MacOSX10.7.sdk/System/Library/Frameworks/SystemConfiguration.framework; sourceTree = DEVELOPER_DIR; };
		AAE18EB4164EE50300FC8D92 /* CoreServices.framework */ = {isa = PBXFileReference; lastKnownFileType = wrapper.framework; name = CoreServices.framework; path = Platforms/MacOSX.platform/Developer/SDKs/MacOSX10.7.sdk/System/Library/Frameworks/CoreServices.framework; sourceTree = DEVELOPER_DIR; };
/* End PBXFileReference section */

/* Begin PBXFrameworksBuildPhase section */
		AAE18DB2164C569C00FC8D92 /* Frameworks */ = {
			isa = PBXFrameworksBuildPhase;
			buildActionMask = 2147483647;
			files = (
				AAE18EB7164EE51900FC8D92 /* libxml2.dylib in Frameworks */,
				AAE18EB6164EE51500FC8D92 /* libz.dylib in Frameworks */,
				AAE18EB5164EE50300FC8D92 /* CoreServices.framework in Frameworks */,
				AAE18EB3164EE4FC00FC8D92 /* SystemConfiguration.framework in Frameworks */,
				AAE18DBA164C569C00FC8D92 /* Cocoa.framework in Frameworks */,
				AAE18DE4164E15A100FC8D92 /* ScriptingBridge.framework in Frameworks */,
				AA3821ED1650112C003F465E /* Sparkle.framework in Frameworks */,
			);
			runOnlyForDeploymentPostprocessing = 0;
		};
/* End PBXFrameworksBuildPhase section */

/* Begin PBXGroup section */
		AAE18DAA164C569C00FC8D92 = {
			isa = PBXGroup;
			children = (
				AAE18DBF164C569C00FC8D92 /* Riffrat */,
				AAE18DB8164C569C00FC8D92 /* Frameworks */,
				AAE18DB6164C569C00FC8D92 /* Products */,
			);
			sourceTree = "<group>";
		};
		AAE18DB6164C569C00FC8D92 /* Products */ = {
			isa = PBXGroup;
			children = (
				AAE18DB5164C569C00FC8D92 /* Riffrat.app */,
			);
			name = Products;
			sourceTree = "<group>";
		};
		AAE18DB8164C569C00FC8D92 /* Frameworks */ = {
			isa = PBXGroup;
			children = (
				AA3821EC1650112C003F465E /* Sparkle.framework */,
				AAE18EB4164EE50300FC8D92 /* CoreServices.framework */,
				AAE18EB2164EE4FC00FC8D92 /* SystemConfiguration.framework */,
				AAE18EAE164EE45C00FC8D92 /* libxml2.dylib */,
				AAE18EAC164EE45300FC8D92 /* libz.dylib */,
				AAE18DE3164E15A100FC8D92 /* ScriptingBridge.framework */,
				AAE18DB9164C569C00FC8D92 /* Cocoa.framework */,
				AAE18E60164E221800FC8D92 /* JSON-Framework */,
				AAE18DE8164E1DB700FC8D92 /* ASIHttpRequest */,
				AAE18DBB164C569C00FC8D92 /* Other Frameworks */,
			);
			name = Frameworks;
			sourceTree = "<group>";
		};
		AAE18DBB164C569C00FC8D92 /* Other Frameworks */ = {
			isa = PBXGroup;
			children = (
				AAE18DBC164C569C00FC8D92 /* AppKit.framework */,
				AAE18DBD164C569C00FC8D92 /* CoreData.framework */,
				AAE18DBE164C569C00FC8D92 /* Foundation.framework */,
			);
			name = "Other Frameworks";
			sourceTree = "<group>";
		};
		AAE18DBF164C569C00FC8D92 /* Riffrat */ = {
			isa = PBXGroup;
			children = (
				AAE18DC0164C569C00FC8D92 /* Supporting Files */,
				AAE18E8D164EE07700FC8D92 /* Images */,
				AAE18EB8164EE54F00FC8D92 /* Classes */,
				AAE18EB9164EE56A00FC8D92 /* Controllers */,
				AAE18DCE164C569C00FC8D92 /* MainMenu.xib */,
			);
			path = Riffrat;
			sourceTree = "<group>";
		};
		AAE18DC0164C569C00FC8D92 /* Supporting Files */ = {
			isa = PBXGroup;
			children = (
				AA3821F016501202003F465E /* dsa_pub.pem */,
				AAE18DDD164DD20400FC8D92 /* Spotify.h */,
				AAE18DDE164DD20400FC8D92 /* iTunes.h */,
				AAE18DC1164C569C00FC8D92 /* Riffrat-Info.plist */,
				AAE18DC2164C569C00FC8D92 /* InfoPlist.strings */,
				AAE18DC5164C569C00FC8D92 /* main.m */,
				AAE18DC7164C569C00FC8D92 /* Riffrat-Prefix.pch */,
				AAE18DC8164C569C00FC8D92 /* Credits.rtf */,
			);
			name = "Supporting Files";
			sourceTree = "<group>";
		};
		AAE18DE8164E1DB700FC8D92 /* ASIHttpRequest */ = {
			isa = PBXGroup;
			children = (
				AAE18E92164EE3DD00FC8D92 /* ASICacheDelegate.h */,
				AAE18E93164EE3DD00FC8D92 /* ASIDataCompressor.h */,
				AAE18E94164EE3DD00FC8D92 /* ASIDataCompressor.m */,
				AAE18E95164EE3DD00FC8D92 /* ASIDataDecompressor.h */,
				AAE18E96164EE3DD00FC8D92 /* ASIDataDecompressor.m */,
				AAE18E97164EE3DD00FC8D92 /* ASIDownloadCache.h */,
				AAE18E98164EE3DD00FC8D92 /* ASIDownloadCache.m */,
				AAE18E99164EE3DD00FC8D92 /* ASIFormDataRequest.h */,
				AAE18E9A164EE3DD00FC8D92 /* ASIFormDataRequest.m */,
				AAE18E9B164EE3DD00FC8D92 /* ASIHTTPRequest.h */,
				AAE18E9C164EE3DD00FC8D92 /* ASIHTTPRequest.m */,
				AAE18E9D164EE3DD00FC8D92 /* ASIHTTPRequestConfig.h */,
				AAE18E9E164EE3DD00FC8D92 /* ASIHTTPRequestDelegate.h */,
				AAE18E9F164EE3DD00FC8D92 /* ASIInputStream.h */,
				AAE18EA0164EE3DD00FC8D92 /* ASIInputStream.m */,
				AAE18EA1164EE3DD00FC8D92 /* ASINetworkQueue.h */,
				AAE18EA2164EE3DD00FC8D92 /* ASINetworkQueue.m */,
				AAE18EA3164EE3DD00FC8D92 /* ASIProgressDelegate.h */,
			);
			name = ASIHttpRequest;
			path = Riffrat;
			sourceTree = "<group>";
		};
		AAE18E60164E221800FC8D92 /* JSON-Framework */ = {
			isa = PBXGroup;
			children = (
				AAE18E61164E222900FC8D92 /* NSObject+SBJson.h */,
				AAE18E62164E222900FC8D92 /* NSObject+SBJson.m */,
				AAE18E63164E222900FC8D92 /* SBJson.h */,
				AAE18E64164E222900FC8D92 /* SBJsonParser.h */,
				AAE18E65164E222900FC8D92 /* SBJsonParser.m */,
				AAE18E66164E222900FC8D92 /* SBJsonStreamParser.h */,
				AAE18E67164E222900FC8D92 /* SBJsonStreamParser.m */,
				AAE18E68164E222900FC8D92 /* SBJsonStreamParserAccumulator.h */,
				AAE18E69164E222900FC8D92 /* SBJsonStreamParserAccumulator.m */,
				AAE18E6A164E222900FC8D92 /* SBJsonStreamParserAdapter.h */,
				AAE18E6B164E222900FC8D92 /* SBJsonStreamParserAdapter.m */,
				AAE18E6C164E222900FC8D92 /* SBJsonStreamParserState.h */,
				AAE18E6D164E222900FC8D92 /* SBJsonStreamParserState.m */,
				AAE18E6E164E222900FC8D92 /* SBJsonStreamWriter.h */,
				AAE18E6F164E222900FC8D92 /* SBJsonStreamWriter.m */,
				AAE18E70164E222900FC8D92 /* SBJsonStreamWriterAccumulator.h */,
				AAE18E71164E222900FC8D92 /* SBJsonStreamWriterAccumulator.m */,
				AAE18E72164E222900FC8D92 /* SBJsonStreamWriterState.h */,
				AAE18E73164E222900FC8D92 /* SBJsonStreamWriterState.m */,
				AAE18E74164E222900FC8D92 /* SBJsonTokeniser.h */,
				AAE18E75164E222900FC8D92 /* SBJsonTokeniser.m */,
				AAE18E76164E222900FC8D92 /* SBJsonUTF8Stream.h */,
				AAE18E77164E222900FC8D92 /* SBJsonUTF8Stream.m */,
				AAE18E78164E222900FC8D92 /* SBJsonWriter.h */,
				AAE18E79164E222900FC8D92 /* SBJsonWriter.m */,
			);
			name = "JSON-Framework";
			sourceTree = "<group>";
		};
		AAE18E8D164EE07700FC8D92 /* Images */ = {
			isa = PBXGroup;
			children = (
				AAE18E8B164EE07400FC8D92 /* check.png */,
			);
			name = Images;
			sourceTree = "<group>";
		};
		AAE18EB8164EE54F00FC8D92 /* Classes */ = {
			isa = PBXGroup;
			children = (
				AAE18DDF164DD42000FC8D92 /* Track.h */,
				AAE18DE0164DD42000FC8D92 /* Track.m */,
				AAE18DE2164E0F7400FC8D92 /* ListenManagerDelegate.h */,
				AAE18E87164E27F400FC8D92 /* ServerDelegate.h */,
				AAE18DDA164C5BCE00FC8D92 /* ListenManager.h */,
				AAE18DDB164C5BCE00FC8D92 /* ListenManager.m */,
				AAE18DE5164E1B8100FC8D92 /* Server.h */,
				AAE18DE6164E1B8100FC8D92 /* Server.m */,
			);
			name = Classes;
			sourceTree = "<group>";
		};
		AAE18EB9164EE56A00FC8D92 /* Controllers */ = {
			isa = PBXGroup;
			children = (
				AAE18DCB164C569C00FC8D92 /* MenuDelegate.h */,
				AAE18DCC164C569C00FC8D92 /* MenuDelegate.m */,
				AAE18E88164E283800FC8D92 /* PreferencesDelegate.h */,
				AAE18E89164E283800FC8D92 /* PreferencesDelegate.m */,
			);
			name = Controllers;
			sourceTree = "<group>";
		};
/* End PBXGroup section */

/* Begin PBXNativeTarget section */
		AAE18DB4164C569C00FC8D92 /* Riffrat */ = {
			isa = PBXNativeTarget;
			buildConfigurationList = AAE18DD3164C569C00FC8D92 /* Build configuration list for PBXNativeTarget "Riffrat" */;
			buildPhases = (
				AAE18DB1164C569C00FC8D92 /* Sources */,
				AAE18DB2164C569C00FC8D92 /* Frameworks */,
				AAE18DB3164C569C00FC8D92 /* Resources */,
				AA3821EE16501143003F465E /* CopyFiles */,
			);
			buildRules = (
			);
			dependencies = (
			);
			name = Riffrat;
			productName = Riffrat;
			productReference = AAE18DB5164C569C00FC8D92 /* Riffrat.app */;
			productType = "com.apple.product-type.application";
		};
/* End PBXNativeTarget section */

/* Begin PBXProject section */
		AAE18DAC164C569C00FC8D92 /* Project object */ = {
			isa = PBXProject;
			attributes = {
				LastUpgradeCheck = 0450;
				ORGANIZATIONNAME = Riffrat;
			};
			buildConfigurationList = AAE18DAF164C569C00FC8D92 /* Build configuration list for PBXProject "Riffrat" */;
			compatibilityVersion = "Xcode 3.2";
			developmentRegion = English;
			hasScannedForEncodings = 0;
			knownRegions = (
				en,
			);
			mainGroup = AAE18DAA164C569C00FC8D92;
			productRefGroup = AAE18DB6164C569C00FC8D92 /* Products */;
			projectDirPath = "";
			projectRoot = "";
			targets = (
				AAE18DB4164C569C00FC8D92 /* Riffrat */,
			);
		};
/* End PBXProject section */

/* Begin PBXResourcesBuildPhase section */
		AAE18DB3164C569C00FC8D92 /* Resources */ = {
			isa = PBXResourcesBuildPhase;
			buildActionMask = 2147483647;
			files = (
				AAE18DC4164C569C00FC8D92 /* InfoPlist.strings in Resources */,
				AAE18DCA164C569C00FC8D92 /* Credits.rtf in Resources */,
				AAE18DD0164C569C00FC8D92 /* MainMenu.xib in Resources */,
				AAE18E8C164EE07400FC8D92 /* check.png in Resources */,
				AA3821F116501202003F465E /* dsa_pub.pem in Resources */,
			);
			runOnlyForDeploymentPostprocessing = 0;
		};
/* End PBXResourcesBuildPhase section */

/* Begin PBXSourcesBuildPhase section */
		AAE18DB1164C569C00FC8D92 /* Sources */ = {
			isa = PBXSourcesBuildPhase;
			buildActionMask = 2147483647;
			files = (
				AAE18DC6164C569C00FC8D92 /* main.m in Sources */,
				AAE18DCD164C569C00FC8D92 /* MenuDelegate.m in Sources */,
				AAE18DDC164C5BCE00FC8D92 /* ListenManager.m in Sources */,
				AAE18DE1164DD42000FC8D92 /* Track.m in Sources */,
				AAE18DE7164E1B8100FC8D92 /* Server.m in Sources */,
				AAE18E7A164E222900FC8D92 /* NSObject+SBJson.m in Sources */,
				AAE18E7B164E222900FC8D92 /* SBJsonParser.m in Sources */,
				AAE18E7C164E222900FC8D92 /* SBJsonStreamParser.m in Sources */,
				AAE18E7D164E222900FC8D92 /* SBJsonStreamParserAccumulator.m in Sources */,
				AAE18E7E164E222900FC8D92 /* SBJsonStreamParserAdapter.m in Sources */,
				AAE18E7F164E222900FC8D92 /* SBJsonStreamParserState.m in Sources */,
				AAE18E80164E222900FC8D92 /* SBJsonStreamWriter.m in Sources */,
				AAE18E81164E222900FC8D92 /* SBJsonStreamWriterAccumulator.m in Sources */,
				AAE18E82164E222900FC8D92 /* SBJsonStreamWriterState.m in Sources */,
				AAE18E83164E222900FC8D92 /* SBJsonTokeniser.m in Sources */,
				AAE18E84164E222900FC8D92 /* SBJsonUTF8Stream.m in Sources */,
				AAE18E85164E222900FC8D92 /* SBJsonWriter.m in Sources */,
				AAE18E8A164E283800FC8D92 /* PreferencesDelegate.m in Sources */,
				AAE18EA5164EE3DD00FC8D92 /* ASIDataCompressor.m in Sources */,
				AAE18EA6164EE3DD00FC8D92 /* ASIDataDecompressor.m in Sources */,
				AAE18EA7164EE3DD00FC8D92 /* ASIDownloadCache.m in Sources */,
				AAE18EA8164EE3DD00FC8D92 /* ASIFormDataRequest.m in Sources */,
				AAE18EA9164EE3DD00FC8D92 /* ASIHTTPRequest.m in Sources */,
				AAE18EAA164EE3DD00FC8D92 /* ASIInputStream.m in Sources */,
				AAE18EAB164EE3DD00FC8D92 /* ASINetworkQueue.m in Sources */,
			);
			runOnlyForDeploymentPostprocessing = 0;
		};
/* End PBXSourcesBuildPhase section */

/* Begin PBXVariantGroup section */
		AAE18DC2164C569C00FC8D92 /* InfoPlist.strings */ = {
			isa = PBXVariantGroup;
			children = (
				AAE18DC3164C569C00FC8D92 /* en */,
			);
			name = InfoPlist.strings;
			sourceTree = "<group>";
		};
		AAE18DC8164C569C00FC8D92 /* Credits.rtf */ = {
			isa = PBXVariantGroup;
			children = (
				AAE18DC9164C569C00FC8D92 /* en */,
			);
			name = Credits.rtf;
			sourceTree = "<group>";
		};
		AAE18DCE164C569C00FC8D92 /* MainMenu.xib */ = {
			isa = PBXVariantGroup;
			children = (
				AAE18DCF164C569C00FC8D92 /* en */,
			);
			name = MainMenu.xib;
			sourceTree = "<group>";
		};
/* End PBXVariantGroup section */

/* Begin XCBuildConfiguration section */
		AAE18DD1164C569C00FC8D92 /* Debug */ = {
			isa = XCBuildConfiguration;
			buildSettings = {
				ALWAYS_SEARCH_USER_PATHS = NO;
				ARCHS = "$(ARCHS_STANDARD_64_BIT)";
				CLANG_CXX_LANGUAGE_STANDARD = "gnu++0x";
				CLANG_CXX_LIBRARY = "libc++";
				CLANG_ENABLE_OBJC_ARC = YES;
				CLANG_WARN_EMPTY_BODY = YES;
				CLANG_WARN__DUPLICATE_METHOD_MATCH = YES;
				COPY_PHASE_STRIP = NO;
				GCC_C_LANGUAGE_STANDARD = gnu99;
				GCC_DYNAMIC_NO_PIC = NO;
				GCC_ENABLE_OBJC_EXCEPTIONS = YES;
				GCC_OPTIMIZATION_LEVEL = 0;
				GCC_PREPROCESSOR_DEFINITIONS = (
					"DEBUG=1",
					"$(inherited)",
				);
				GCC_SYMBOLS_PRIVATE_EXTERN = NO;
				GCC_WARN_64_TO_32_BIT_CONVERSION = YES;
				GCC_WARN_ABOUT_RETURN_TYPE = YES;
				GCC_WARN_UNINITIALIZED_AUTOS = YES;
				GCC_WARN_UNUSED_VARIABLE = YES;
				MACOSX_DEPLOYMENT_TARGET = 10.6;
				ONLY_ACTIVE_ARCH = YES;
				SDKROOT = macosx;
			};
			name = Debug;
		};
		AAE18DD2164C569C00FC8D92 /* Release */ = {
			isa = XCBuildConfiguration;
			buildSettings = {
				ALWAYS_SEARCH_USER_PATHS = NO;
				ARCHS = "$(ARCHS_STANDARD_64_BIT)";
				CLANG_CXX_LANGUAGE_STANDARD = "gnu++0x";
				CLANG_CXX_LIBRARY = "libc++";
				CLANG_ENABLE_OBJC_ARC = YES;
				CLANG_WARN_EMPTY_BODY = YES;
				CLANG_WARN__DUPLICATE_METHOD_MATCH = YES;
				COPY_PHASE_STRIP = YES;
				DEBUG_INFORMATION_FORMAT = "dwarf-with-dsym";
				GCC_C_LANGUAGE_STANDARD = gnu99;
				GCC_ENABLE_OBJC_EXCEPTIONS = YES;
				GCC_WARN_64_TO_32_BIT_CONVERSION = YES;
				GCC_WARN_ABOUT_RETURN_TYPE = YES;
				GCC_WARN_UNINITIALIZED_AUTOS = YES;
				GCC_WARN_UNUSED_VARIABLE = YES;
				MACOSX_DEPLOYMENT_TARGET = 10.6;
				SDKROOT = macosx;
			};
			name = Release;
		};
		AAE18DD4164C569C00FC8D92 /* Debug */ = {
			isa = XCBuildConfiguration;
			buildSettings = {
				COMBINE_HIDPI_IMAGES = YES;
				FRAMEWORK_SEARCH_PATHS = (
					"$(inherited)",
					"\"$(SRCROOT)\"",
				);
				GCC_PRECOMPILE_PREFIX_HEADER = YES;
				GCC_PREFIX_HEADER = "Riffrat/Riffrat-Prefix.pch";
				INFOPLIST_FILE = "Riffrat/Riffrat-Info.plist";
				MACOSX_DEPLOYMENT_TARGET = 10.6;
				PRODUCT_NAME = "$(TARGET_NAME)";
				SDKROOT = macosx10.7;
				WRAPPER_EXTENSION = app;
			};
			name = Debug;
		};
		AAE18DD5164C569C00FC8D92 /* Release */ = {
			isa = XCBuildConfiguration;
			buildSettings = {
				COMBINE_HIDPI_IMAGES = YES;
				FRAMEWORK_SEARCH_PATHS = (
					"$(inherited)",
					"\"$(SRCROOT)\"",
				);
				GCC_PRECOMPILE_PREFIX_HEADER = YES;
				GCC_PREFIX_HEADER = "Riffrat/Riffrat-Prefix.pch";
				INFOPLIST_FILE = "Riffrat/Riffrat-Info.plist";
				MACOSX_DEPLOYMENT_TARGET = 10.6;
				PRODUCT_NAME = "$(TARGET_NAME)";
				SDKROOT = macosx10.7;
				WRAPPER_EXTENSION = app;
			};
			name = Release;
		};
/* End XCBuildConfiguration section */

/* Begin XCConfigurationList section */
		AAE18DAF164C569C00FC8D92 /* Build configuration list for PBXProject "Riffrat" */ = {
			isa = XCConfigurationList;
			buildConfigurations = (
				AAE18DD1164C569C00FC8D92 /* Debug */,
				AAE18DD2164C569C00FC8D92 /* Release */,
			);
			defaultConfigurationIsVisible = 0;
			defaultConfigurationName = Release;
		};
		AAE18DD3164C569C00FC8D92 /* Build configuration list for PBXNativeTarget "Riffrat" */ = {
			isa = XCConfigurationList;
			buildConfigurations = (
				AAE18DD4164C569C00FC8D92 /* Debug */,
				AAE18DD5164C569C00FC8D92 /* Release */,
			);
			defaultConfigurationIsVisible = 0;
			defaultConfigurationName = Release;
		};
/* End XCConfigurationList section */
	};
	rootObject = AAE18DAC164C569C00FC8D92 /* Project object */;
}
